
Microsoft Visual Studio Solution File, Format Version 12.00
# Visual Studio 15
VisualStudioVersion = 15.0.27428.2015
MinimumVisualStudioVersion = 10.0.40219.1
Project("{FAE04EC0-301F-11D3-BF4B-00C04F79EFBC}") = "ShoppingList", "ShoppingList\ShoppingList.csproj", "{2C42743C-69FB-46DD-ADA0-0F5549CDB07A}"
EndProject
Global
	GlobalSection(SolutionConfigurationPlatforms) = preSolution
		Debug|Any CPU = Debug|Any CPU
		Release|Any CPU = Release|Any CPU
	EndGlobalSection
	GlobalSection(ProjectConfigurationPlatforms) = postSolution
		{2C42743C-69FB-46DD-ADA0-0F5549CDB07A}.Debug|Any CPU.ActiveCfg = Debug|Any CPU
		{2C42743C-69FB-46DD-ADA0-0F5549CDB07A}.Debug|Any CPU.Build.0 = Debug|Any CPU
		{2C42743C-69FB-46DD-ADA0-0F5549CDB07A}.Release|Any CPU.ActiveCfg = Release|Any CPU
		{2C42743C-69FB-46DD-ADA0-0F5549CDB07A}.Release|Any CPU.Build.0 = Release|Any CPU
	EndGlobalSection
	GlobalSection(SolutionProperties) = preSolution
		HideSolutionNode = FALSE
	EndGlobalSection
	GlobalSection(ExtensibilityGlobals) = postSolution
		SolutionGuid = {A7A47D25-F758-442D-9ED0-149230808C97}
	EndGlobalSection
EndGlobal
